{
  "name": "onewebpack",
  "version": "1.0.0",
  "lockfileVersion": 1,
  "requires": true,
  "dependencies": {
    "@types/json-schema": {
      "version": "7.0.9",
      "resolved": "https://registry.npmjs.org/@types/json-schema/-/json-schema-7.0.9.tgz",
      "integrity": "sha512-qcUXuemtEu+E5wZSJHNxUXeCZhAfXKQ41D+duX+VYPde7xyEVZci+/oXKJL13tnRs9lR2pr4fod59GT6/X1/yQ==",
      "dev": true
    },
    "ajv": {
      "version": "6.12.6",
      "resolved": "https://registry.npmjs.org/ajv/-/ajv-6.12.6.tgz",
      "integrity": "sha512-j3fVLgvTo527anyYyJOGTYJbG+vnnQYvE0m5mmkc1TK+nxAppkCLMIL0aZ4dblVCNoGShhm+kzE4ZUykBoMg4g==",
      "dev": true,
      "requires": {
        "fast-deep-equal": "^3.1.1",
        "fast-json-stable-stringify": "^2.0.0",
        "json-schema-traverse": "^0.4.1",
        "uri-js": "^4.2.2"
      }
    },
    "ajv-errors": {
      "version": "1.0.1",
      "resolved": "https://registry.npmjs.org/ajv-errors/-/ajv-errors-1.0.1.tgz",
      "integrity": "sha512-DCRfO/4nQ+89p/RK43i8Ezd41EqdGIU4ld7nGF8OQ14oc/we5rEntLCUa7+jrn3nn83BosfwZA0wb4pon2o8iQ==",
      "dev": true
    },
    "ajv-keywords": {
      "version": "3.4.1",
      "resolved": "https://registry.npm.taobao.org/ajv-keywords/download/ajv-keywords-3.4.1.tgz?cache=0&sync_timestamp=1562443321839&other_urls=https%3A%2F%2Fregistry.npm.taobao.org%2Fajv-keywords%2Fdownload%2Fajv-keywords-3.4.1.tgz",
      "integrity": "sha512-RO1ibKvd27e6FEShVFfPALuHI3WjSVNeK5FIsmme/LYRNxjKuNj+Dt7bucLa6NdSv3JcVTyMlm9kGR84z1XpaQ==",
      "dev": true
    },
    "big.js": {
      "version": "5.2.2",
      "resolved": "https://registry.npm.taobao.org/big.js/download/big.js-5.2.2.tgz",
      "integrity": "sha512-vyL2OymJxmarO8gxMr0mhChsO9QGwhynfuu4+MHTAW6czfq9humCB7rKpUjDd9YUiDPU4mzpyupFSvOClAwbmQ==",
      "dev": true
    },
    "camelcase": {
      "version": "5.3.1",
      "resolved": "https://registry.npmjs.org/camelcase/-/camelcase-5.3.1.tgz",
      "integrity": "sha512-L28STB170nwWS63UjtlEOE3dldQApaJXZkOI1uMFfzf3rRuPegHaHesyee+YxQ+W6SvRDQV6UrdOdRiR153wJg==",
      "dev": true
    },
    "clone": {
      "version": "2.1.2",
      "resolved": "https://registry.npmjs.org/clone/-/clone-2.1.2.tgz",
      "integrity": "sha1-G39Ln1kfHo+DZwQBYANFoCiHQ18=",
      "dev": true
    },
    "copy-anything": {
      "version": "2.0.6",
      "resolved": "https://registry.npmjs.org/copy-anything/-/copy-anything-2.0.6.tgz",
      "integrity": "sha512-1j20GZTsvKNkc4BY3NpMOM8tt///wY3FpIzozTOFO2ffuZcV61nojHXVKIy3WM+7ADCy5FVhdZYHYDdgTU0yJw==",
      "dev": true,
      "requires": {
        "is-what": "^3.14.1"
      }
    },
    "css-loader": {
      "version": "2.1.1",
      "resolved": "https://registry.npmjs.org/css-loader/-/css-loader-2.1.1.tgz",
      "integrity": "sha512-OcKJU/lt232vl1P9EEDamhoO9iKY3tIjY5GU+XDLblAykTdgs6Ux9P1hTHve8nFKy5KPpOXOsVI/hIwi3841+w==",
      "dev": true,
      "requires": {
        "camelcase": "^5.2.0",
        "icss-utils": "^4.1.0",
        "loader-utils": "^1.2.3",
        "normalize-path": "^3.0.0",
        "postcss": "^7.0.14",
        "postcss-modules-extract-imports": "^2.0.0",
        "postcss-modules-local-by-default": "^2.0.6",
        "postcss-modules-scope": "^2.1.0",
        "postcss-modules-values": "^2.0.0",
        "postcss-value-parser": "^3.3.0",
        "schema-utils": "^1.0.0"
      }
    },
    "errno": {
      "version": "0.1.8",
      "resolved": "https://registry.npmjs.org/errno/-/errno-0.1.8.tgz",
      "integrity": "sha512-dJ6oBr5SQ1VSd9qkk7ByRgb/1SH4JZjCHSW/mr63/QcXO9zLVxvJ6Oy13nio03rxpSnVDDjFor75SjVeZWPW/A==",
      "dev": true,
      "optional": true,
      "requires": {
        "prr": "~1.0.1"
      }
    },
    "fast-deep-equal": {
      "version": "3.1.1",
      "resolved": "https://registry.npm.taobao.org/fast-deep-equal/download/fast-deep-equal-3.1.1.tgz",
      "integrity": "sha512-8UEa58QDLauDNfpbrX55Q9jrGHThw2ZMdOky5Gl1CDtVeJDPVrG4Jxx1N8jw2gkWaff5UUuX1KJd+9zGe2B+ZA==",
      "dev": true
    },
    "fast-json-stable-stringify": {
      "version": "2.1.0",
      "resolved": "https://registry.npm.taobao.org/fast-json-stable-stringify/download/fast-json-stable-stringify-2.1.0.tgz",
      "integrity": "sha512-lhd/wF+Lk98HZoTCtlVraHtfh5XYijIjalXck7saUtuanSDyLMxnHhSXEDJqHxD7msR8D0uCmqlkwjCV8xvwHw==",
      "dev": true
    },
    "file-loader": {
      "version": "5.1.0",
      "resolved": "https://registry.npmjs.org/file-loader/-/file-loader-5.1.0.tgz",
      "integrity": "sha512-u/VkLGskw3Ue59nyOwUwXI/6nuBCo7KBkniB/l7ICwr/7cPNGsL1WCXUp3GB0qgOOKU1TiP49bv4DZF/LJqprg==",
      "dev": true,
      "requires": {
        "loader-utils": "^1.4.0",
        "schema-utils": "^2.5.0"
      },
      "dependencies": {
        "ajv-keywords": {
          "version": "3.5.2",
          "resolved": "https://registry.npmjs.org/ajv-keywords/-/ajv-keywords-3.5.2.tgz",
          "integrity": "sha512-5p6WTN0DdTGVQk6VjcEju19IgaHudalcfabD7yhDGeA6bcQnmL+CpveLJq/3hvfwd1aof6L386Ougkx6RfyMIQ==",
          "dev": true
        },
        "schema-utils": {
          "version": "2.7.1",
          "resolved": "https://registry.npmjs.org/schema-utils/-/schema-utils-2.7.1.tgz",
          "integrity": "sha512-SHiNtMOUGWBQJwzISiVYKu82GiV4QYGePp3odlY1tuKO7gPtphAT5R/py0fA6xtbgLL/RvtJZnU9b8s0F1q0Xg==",
          "dev": true,
          "requires": {
            "@types/json-schema": "^7.0.5",
            "ajv": "^6.12.4",
            "ajv-keywords": "^3.5.2"
          }
        }
      }
    },
    "graceful-fs": {
      "version": "4.2.9",
      "resolved": "https://registry.npmjs.org/graceful-fs/-/graceful-fs-4.2.9.tgz",
      "integrity": "sha512-NtNxqUcXgpW2iMrfqSfR73Glt39K+BLwWsPs94yR63v45T0Wbej7eRmL5cWfwEgqXnmjQp3zaJTshdRW/qC2ZQ==",
      "dev": true,
      "optional": true
    },
    "icss-replace-symbols": {
      "version": "1.1.0",
      "resolved": "https://registry.npmjs.org/icss-replace-symbols/-/icss-replace-symbols-1.1.0.tgz",
      "integrity": "sha1-Bupvg2ead0njhs/h/oEq5dsiPe0=",
      "dev": true
    },
    "icss-utils": {
      "version": "4.1.1",
      "resolved": "https://registry.npmjs.org/icss-utils/-/icss-utils-4.1.1.tgz",
      "integrity": "sha512-4aFq7wvWyMHKgxsH8QQtGpvbASCf+eM3wPRLI6R+MgAnTCZ6STYsRvttLvRWK0Nfif5piF394St3HeJDaljGPA==",
      "dev": true,
      "requires": {
        "postcss": "^7.0.14"
      }
    },
    "image-size": {
      "version": "0.5.5",
      "resolved": "https://registry.npmjs.org/image-size/-/image-size-0.5.5.tgz",
      "integrity": "sha1-Cd/Uq50g4p6xw+gLiZA3jfnjy5w=",
      "dev": true,
      "optional": true
    },
    "is-what": {
      "version": "3.14.1",
      "resolved": "https://registry.npmjs.org/is-what/-/is-what-3.14.1.tgz",
      "integrity": "sha512-sNxgpk9793nzSs7bA6JQJGeIuRBQhAaNGG77kzYQgMkrID+lS6SlK07K5LaptscDlSaIgH+GPFzf+d75FVxozA==",
      "dev": true
    },
    "json-schema-traverse": {
      "version": "0.4.1",
      "resolved": "https://registry.npm.taobao.org/json-schema-traverse/download/json-schema-traverse-0.4.1.tgz",
      "integrity": "sha512-xbbCH5dCYU5T8LcEhhuh7HJ88HXuW3qsI3Y0zOZFKfZEHcpWiHU/Jxzk629Brsab/mMiHQti9wMP+845RPe3Vg==",
      "dev": true
    },
    "json5": {
      "version": "1.0.1",
      "resolved": "https://registry.npm.taobao.org/json5/download/json5-1.0.1.tgz",
      "integrity": "sha512-aKS4WQjPenRxiQsC93MNfjx+nbF4PAdYzmd/1JIj8HYzqfbu86beTuNgXDzPknWk0n0uARlyewZo4s++ES36Ow==",
      "dev": true,
      "requires": {
        "minimist": "^1.2.0"
      }
    },
    "less": {
      "version": "3.13.1",
      "resolved": "https://registry.npmjs.org/less/-/less-3.13.1.tgz",
      "integrity": "sha512-SwA1aQXGUvp+P5XdZslUOhhLnClSLIjWvJhmd+Vgib5BFIr9lMNlQwmwUNOjXThF/A0x+MCYYPeWEfeWiLRnTw==",
      "dev": true,
      "requires": {
        "copy-anything": "^2.0.1",
        "errno": "^0.1.1",
        "graceful-fs": "^4.1.2",
        "image-size": "~0.5.0",
        "make-dir": "^2.1.0",
        "mime": "^1.4.1",
        "native-request": "^1.0.5",
        "source-map": "~0.6.0",
        "tslib": "^1.10.0"
      }
    },
    "less-loader": {
      "version": "5.0.0",
      "resolved": "https://registry.npmjs.org/less-loader/-/less-loader-5.0.0.tgz",
      "integrity": "sha512-bquCU89mO/yWLaUq0Clk7qCsKhsF/TZpJUzETRvJa9KSVEL9SO3ovCvdEHISBhrC81OwC8QSVX7E0bzElZj9cg==",
      "dev": true,
      "requires": {
        "clone": "^2.1.1",
        "loader-utils": "^1.1.0",
        "pify": "^4.0.1"
      }
    },
    "loader-utils": {
      "version": "1.4.0",
      "resolved": "https://registry.npmjs.org/loader-utils/-/loader-utils-1.4.0.tgz",
      "integrity": "sha512-qH0WSMBtn/oHuwjy/NucEgbx5dbxxnxup9s4PVXJUDHZBQY+s0NWA9rJf53RBnQZxfch7euUui7hpoAPvALZdA==",
      "dev": true,
      "requires": {
        "big.js": "^5.2.2",
        "emojis-list": "^3.0.0",
        "json5": "^1.0.1"
      },
      "dependencies": {
        "emojis-list": {
          "version": "3.0.0",
          "resolved": "https://registry.npmjs.org/emojis-list/-/emojis-list-3.0.0.tgz",
          "integrity": "sha512-/kyM18EfinwXZbno9FyUGeFh87KC8HRQBQGildHZbEuRyWFOmv1U10o9BBp8XVZDVNNuQKyIGIu5ZYAAXJ0V2Q==",
          "dev": true
        }
      }
    },
    "make-dir": {
      "version": "2.1.0",
      "resolved": "https://registry.npmjs.org/make-dir/-/make-dir-2.1.0.tgz",
      "integrity": "sha512-LS9X+dc8KLxXCb8dni79fLIIUA5VyZoyjSMCwTluaXA0o27cCK0bhXkpgw+sTXVpPy/lSO57ilRixqk0vDmtRA==",
      "dev": true,
      "optional": true,
      "requires": {
        "pify": "^4.0.1",
        "semver": "^5.6.0"
      }
    },
    "mime": {
      "version": "1.6.0",
      "resolved": "https://registry.npmjs.org/mime/-/mime-1.6.0.tgz",
      "integrity": "sha512-x0Vn8spI+wuJ1O6S7gnbaQg8Pxh4NNHb7KSINmEWKiPE4RKOplvijn+NkmYmmRgP68mc70j2EbeTFRsrswaQeg==",
      "dev": true,
      "optional": true
    },
    "minimist": {
      "version": "1.2.6",
      "resolved": "https://registry.npmjs.org/minimist/-/minimist-1.2.6.tgz",
      "integrity": "sha512-Jsjnk4bw3YJqYzbdyBiNsPWHPfO++UGG749Cxs6peCu5Xg4nrena6OVxOYxrQTqww0Jmwt+Ref8rggumkTLz9Q==",
      "dev": true
    },
    "native-request": {
      "version": "1.1.0",
      "resolved": "https://registry.npmjs.org/native-request/-/native-request-1.1.0.tgz",
      "integrity": "sha512-uZ5rQaeRn15XmpgE0xoPL8YWqcX90VtCFglYwAgkvKM5e8fog+vePLAhHxuuv/gRkrQxIeh5U3q9sMNUrENqWw==",
      "dev": true,
      "optional": true
    },
    "normalize-path": {
      "version": "3.0.0",
      "resolved": "https://registry.npmjs.org/normalize-path/-/normalize-path-3.0.0.tgz",
      "integrity": "sha512-6eZs5Ls3WtCisHWp9S2GUy8dqkpGi4BVSz3GaqiE6ezub0512ESztXUwUB6C6IKbQkY2Pnb/mD4WYojCRwcwLA==",
      "dev": true
    },
    "picocolors": {
      "version": "0.2.1",
      "resolved": "https://registry.npmjs.org/picocolors/-/picocolors-0.2.1.tgz",
      "integrity": "sha512-cMlDqaLEqfSaW8Z7N5Jw+lyIW869EzT73/F5lhtY9cLGoVxSXznfgfXMO0Z5K0o0Q2TkTXq+0KFsdnSe3jDViA==",
      "dev": true
    },
    "pify": {
      "version": "4.0.1",
      "resolved": "https://registry.npmjs.org/pify/-/pify-4.0.1.tgz",
      "integrity": "sha512-uB80kBFb/tfd68bVleG9T5GGsGPjJrLAUpR5PZIrhBnIaRTQRjqdJSsIKkOP6OAIFbj7GOrcudc5pNjZ+geV2g==",
      "dev": true
    },
    "postcss": {
      "version": "7.0.39",
      "resolved": "https://registry.npmjs.org/postcss/-/postcss-7.0.39.tgz",
      "integrity": "sha512-yioayjNbHn6z1/Bywyb2Y4s3yvDAeXGOyxqD+LnVOinq6Mdmd++SW2wUNVzavyyHxd6+DxzWGIuosg6P1Rj8uA==",
      "dev": true,
      "requires": {
        "picocolors": "^0.2.1",
        "source-map": "^0.6.1"
      }
    },
    "postcss-modules-extract-imports": {
      "version": "2.0.0",
      "resolved": "https://registry.npmjs.org/postcss-modules-extract-imports/-/postcss-modules-extract-imports-2.0.0.tgz",
      "integrity": "sha512-LaYLDNS4SG8Q5WAWqIJgdHPJrDDr/Lv775rMBFUbgjTz6j34lUznACHcdRWroPvXANP2Vj7yNK57vp9eFqzLWQ==",
      "dev": true,
      "requires": {
        "postcss": "^7.0.5"
      }
    },
    "postcss-modules-local-by-default": {
      "version": "2.0.6",
      "resolved": "https://registry.npmjs.org/postcss-modules-local-by-default/-/postcss-modules-local-by-default-2.0.6.tgz",
      "integrity": "sha512-oLUV5YNkeIBa0yQl7EYnxMgy4N6noxmiwZStaEJUSe2xPMcdNc8WmBQuQCx18H5psYbVxz8zoHk0RAAYZXP9gA==",
      "dev": true,
      "requires": {
        "postcss": "^7.0.6",
        "postcss-selector-parser": "^6.0.0",
        "postcss-value-parser": "^3.3.1"
      }
    },
    "postcss-modules-scope": {
      "version": "2.2.0",
      "resolved": "https://registry.npmjs.org/postcss-modules-scope/-/postcss-modules-scope-2.2.0.tgz",
      "integrity": "sha512-YyEgsTMRpNd+HmyC7H/mh3y+MeFWevy7V1evVhJWewmMbjDHIbZbOXICC2y+m1xI1UVfIT1HMW/O04Hxyu9oXQ==",
      "dev": true,
      "requires": {
        "postcss": "^7.0.6",
        "postcss-selector-parser": "^6.0.0"
      }
    },
    "postcss-modules-values": {
      "version": "2.0.0",
      "resolved": "https://registry.npmjs.org/postcss-modules-values/-/postcss-modules-values-2.0.0.tgz",
      "integrity": "sha512-Ki7JZa7ff1N3EIMlPnGTZfUMe69FFwiQPnVSXC9mnn3jozCRBYIxiZd44yJOV2AmabOo4qFf8s0dC/+lweG7+w==",
      "dev": true,
      "requires": {
        "icss-replace-symbols": "^1.1.0",
        "postcss": "^7.0.6"
      }
    },
    "postcss-selector-parser": {
      "version": "6.0.2",
      "resolved": "https://registry.npm.taobao.org/postcss-selector-parser/download/postcss-selector-parser-6.0.2.tgz",
      "integrity": "sha512-36P2QR59jDTOAiIkqEprfJDsoNrvwFei3eCqKd1Y0tUsBimsq39BLp7RD+JWny3WgB1zGhJX8XVePwm9k4wdBg==",
      "dev": true,
      "requires": {
        "cssesc": "^3.0.0",
        "indexes-of": "^1.0.1",
        "uniq": "^1.0.1"
      },
      "dependencies": {
        "cssesc": {
          "version": "3.0.0",
          "resolved": "https://registry.npm.taobao.org/cssesc/download/cssesc-3.0.0.tgz",
          "integrity": "sha512-/Tb/JcjK111nNScGob5MNtsntNM1aCNUDipB/TkwZFhyDrrE47SOx/18wF2bbjgc3ZzCSKW1T5nt5EbFoAz/Vg==",
          "dev": true
        },
        "indexes-of": {
          "version": "1.0.1",
          "resolved": "https://registry.npm.taobao.org/indexes-of/download/indexes-of-1.0.1.tgz",
          "integrity": "sha512-bup+4tap3Hympa+JBJUG7XuOsdNQ6fxt0MHyXMKuLBKn0OqsTfvUxkUrroEX1+B2VsSHvCjiIcZVxRtYa4nllA==",
          "dev": true
        },
        "uniq": {
          "version": "1.0.1",
          "resolved": "https://registry.npm.taobao.org/uniq/download/uniq-1.0.1.tgz",
          "integrity": "sha512-Gw+zz50YNKPDKXs+9d+aKAjVwpjNwqzvNpLigIruT4HA9lMZNdMqs9x07kKHB/L9WRzqp4+DlTU5s4wG2esdoA==",
          "dev": true
        }
      }
    },
    "postcss-value-parser": {
      "version": "3.3.1",
      "resolved": "https://registry.npmjs.org/postcss-value-parser/-/postcss-value-parser-3.3.1.tgz",
      "integrity": "sha512-pISE66AbVkp4fDQ7VHBwRNXzAAKJjw4Vw7nWI/+Q3vuly7SNfgYXvm6i5IgFylHGK5sP/xHAbB7N49OS4gWNyQ==",
      "dev": true
    },
    "prr": {
      "version": "1.0.1",
      "resolved": "https://registry.npmjs.org/prr/-/prr-1.0.1.tgz",
      "integrity": "sha1-0/wRS6BplaRexok/SEzrHXj19HY=",
      "dev": true,
      "optional": true
    },
    "schema-utils": {
      "version": "1.0.0",
      "resolved": "https://registry.npmjs.org/schema-utils/-/schema-utils-1.0.0.tgz",
      "integrity": "sha512-i27Mic4KovM/lnGsy8whRCHhc7VicJajAjTrYg11K9zfZXnYIt4k5F+kZkwjnrhKzLic/HLU4j11mjsz2G/75g==",
      "dev": true,
      "requires": {
        "ajv": "^6.1.0",
        "ajv-errors": "^1.0.0",
        "ajv-keywords": "^3.1.0"
      }
    },
    "semver": {
      "version": "5.7.1",
      "resolved": "https://registry.npmjs.org/semver/-/semver-5.7.1.tgz",
      "integrity": "sha512-sauaDf/PZdVgrLTNYHRtpXa1iRiKcaebiKQ1BJdpQlWH2lCvexQdX55snPFyK7QzpudqbCI0qXFfOasHdyNDGQ==",
      "dev": true,
      "optional": true
    },
    "source-map": {
      "version": "0.6.1",
      "resolved": "https://registry.npmjs.org/source-map/-/source-map-0.6.1.tgz",
      "integrity": "sha512-UjgapumWlbMhkBgzT7Ykc5YXUT46F0iKu8SGXq0bcwP5dz/h0Plj6enJqjz1Zbq2l5WaqYnrVbwWOWMyF3F47g==",
      "dev": true
    },
    "style-loader": {
      "version": "1.3.0",
      "resolved": "https://registry.npmjs.org/style-loader/-/style-loader-1.3.0.tgz",
      "integrity": "sha512-V7TCORko8rs9rIqkSrlMfkqA63DfoGBBJmK1kKGCcSi+BWb4cqz0SRsnp4l6rU5iwOEd0/2ePv68SV22VXon4Q==",
      "dev": true,
      "requires": {
        "loader-utils": "^2.0.0",
        "schema-utils": "^2.7.0"
      },
      "dependencies": {
        "ajv-keywords": {
          "version": "3.5.2",
          "resolved": "https://registry.npmjs.org/ajv-keywords/-/ajv-keywords-3.5.2.tgz",
          "integrity": "sha512-5p6WTN0DdTGVQk6VjcEju19IgaHudalcfabD7yhDGeA6bcQnmL+CpveLJq/3hvfwd1aof6L386Ougkx6RfyMIQ==",
          "dev": true
        },
        "emojis-list": {
          "version": "3.0.0",
          "resolved": "https://registry.npmjs.org/emojis-list/-/emojis-list-3.0.0.tgz",
          "integrity": "sha512-/kyM18EfinwXZbno9FyUGeFh87KC8HRQBQGildHZbEuRyWFOmv1U10o9BBp8XVZDVNNuQKyIGIu5ZYAAXJ0V2Q==",
          "dev": true
        },
        "json5": {
          "version": "2.2.0",
          "resolved": "https://registry.npmjs.org/json5/-/json5-2.2.0.tgz",
          "integrity": "sha512-f+8cldu7X/y7RAJurMEJmdoKXGB/X550w2Nr3tTbezL6RwEE/iMcm+tZnXeoZtKuOq6ft8+CqzEkrIgx1fPoQA==",
          "dev": true,
          "requires": {
            "minimist": "^1.2.5"
          }
        },
        "loader-utils": {
          "version": "2.0.2",
          "resolved": "https://registry.npmjs.org/loader-utils/-/loader-utils-2.0.2.tgz",
          "integrity": "sha512-TM57VeHptv569d/GKh6TAYdzKblwDNiumOdkFnejjD0XwTH87K90w3O7AiJRqdQoXygvi1VQTJTLGhJl7WqA7A==",
          "dev": true,
          "requires": {
            "big.js": "^5.2.2",
            "emojis-list": "^3.0.0",
            "json5": "^2.1.2"
          }
        },
        "schema-utils": {
          "version": "2.7.1",
          "resolved": "https://registry.npmjs.org/schema-utils/-/schema-utils-2.7.1.tgz",
          "integrity": "sha512-SHiNtMOUGWBQJwzISiVYKu82GiV4QYGePp3odlY1tuKO7gPtphAT5R/py0fA6xtbgLL/RvtJZnU9b8s0F1q0Xg==",
          "dev": true,
          "requires": {
            "@types/json-schema": "^7.0.5",
            "ajv": "^6.12.4",
            "ajv-keywords": "^3.5.2"
          }
        }
      }
    },
    "tslib": {
      "version": "1.14.1",
      "resolved": "https://registry.npmjs.org/tslib/-/tslib-1.14.1.tgz",
      "integrity": "sha512-Xni35NKzjgMrwevysHTCArtLDpPvye8zV/0E4EyYn43P7/7qvQwPh9BGkHewbMulVntbigmcT7rdX3BNo9wRJg==",
      "dev": true
    },
    "uri-js": {
      "version": "4.2.2",
      "resolved": "https://registry.npm.taobao.org/uri-js/download/uri-js-4.2.2.tgz",
      "integrity": "sha512-KY9Frmirql91X2Qgjry0Wd4Y+YTdrdZheS8TFwvkbLWf/G5KNJDCh6pKL5OZctEW4+0Baa5idK2ZQuELRwPznQ==",
      "dev": true,
      "requires": {
        "punycode": "^2.1.0"
      },
      "dependencies": {
        "punycode": {
          "version": "2.1.1",
          "resolved": "https://registry.npm.taobao.org/punycode/download/punycode-2.1.1.tgz",
          "integrity": "sha512-XRsRjdf+j5ml+y/6GKHPZbrF/8p2Yga0JPtdqTIY2Xe5ohJPD9saDJJLPvp9+NSBprVvevdXZybnj2cv8OEd0A==",
          "dev": true
        }
      }
    },
    "url-loader": {
      "version": "3.0.0",
      "resolved": "https://registry.npmjs.org/url-loader/-/url-loader-3.0.0.tgz",
      "integrity": "sha512-a84JJbIA5xTFTWyjjcPdnsu+41o/SNE8SpXMdUvXs6Q+LuhCD9E2+0VCiuDWqgo3GGXVlFHzArDmBpj9PgWn4A==",
      "dev": true,
      "requires": {
        "loader-utils": "^1.2.3",
        "mime": "^2.4.4",
        "schema-utils": "^2.5.0"
      },
      "dependencies": {
        "ajv-keywords": {
          "version": "3.5.2",
          "resolved": "https://registry.npmjs.org/ajv-keywords/-/ajv-keywords-3.5.2.tgz",
          "integrity": "sha512-5p6WTN0DdTGVQk6VjcEju19IgaHudalcfabD7yhDGeA6bcQnmL+CpveLJq/3hvfwd1aof6L386Ougkx6RfyMIQ==",
          "dev": true
        },
        "mime": {
          "version": "2.6.0",
          "resolved": "https://registry.npmjs.org/mime/-/mime-2.6.0.tgz",
          "integrity": "sha512-USPkMeET31rOMiarsBNIHZKLGgvKc/LrjofAnBlOttf5ajRvqiRA8QsenbcooctK6d6Ts6aqZXBA+XbkKthiQg==",
          "dev": true
        },
        "schema-utils": {
          "version": "2.7.1",
          "resolved": "https://registry.npmjs.org/schema-utils/-/schema-utils-2.7.1.tgz",
          "integrity": "sha512-SHiNtMOUGWBQJwzISiVYKu82GiV4QYGePp3odlY1tuKO7gPtphAT5R/py0fA6xtbgLL/RvtJZnU9b8s0F1q0Xg==",
          "dev": true,
          "requires": {
            "@types/json-schema": "^7.0.5",
            "ajv": "^6.12.4",
            "ajv-keywords": "^3.5.2"
          }
        }
      }
    }
  }
}
